<?xml version="1.0" encoding="utf-8"?>
<Project ToolsVersion="4.0" xmlns="http://schemas.microsoft.com/developer/msbuild/2003">
  <ItemGroup>
    <Filter Include="소스 파일">
      <UniqueIdentifier>{4FC737F1-C7A5-4376-A066-2A32D752A2FF}</UniqueIdentifier>
      <Extensions>cpp;c;cc;cxx;def;odl;idl;hpj;bat;asm;asmx</Extensions>
    </Filter>
    <Filter Include="헤더 파일">
      <UniqueIdentifier>{93995380-89BD-4b04-88EB-625FBE52EBFB}</UniqueIdentifier>
      <Extensions>h;hh;hpp;hxx;hm;inl;inc;ipp;xsd</Extensions>
    </Filter>
    <Filter Include="리소스 파일">
      <UniqueIdentifier>{67DA6AB6-F800-4c08-8B7A-83BB121AAD01}</UniqueIdentifier>
      <Extensions>rc;ico;cur;bmp;dlg;rc2;rct;bin;rgs;gif;jpg;jpeg;jpe;resx;tiff;tif;png;wav;mfcribbon-ms</Extensions>
    </Filter>
    <Filter Include="2dFrameWork">
      <UniqueIdentifier>{24dd4739-4d6f-4d3b-ace1-d63b25792656}</UniqueIdentifier>
    </Filter>
    <Filter Include="2dFrameWork\Manager">
      <UniqueIdentifier>{694cd546-8a1f-4300-9129-8b8f0781a29c}</UniqueIdentifier>
    </Filter>
    <Filter Include="MainGame">
      <UniqueIdentifier>{b48ff530-4c31-403c-8d16-a2e5440f1f83}</UniqueIdentifier>
    </Filter>
  </ItemGroup>
  <ItemGroup>
    <ClCompile Include="GameNode.cpp">
      <Filter>2dFrameWork</Filter>
    </ClCompile>
    <ClCompile Include="main.cpp">
      <Filter>소스 파일</Filter>
    </ClCompile>
    <ClCompile Include="MainGame.cpp">
      <Filter>MainGame</Filter>
    </ClCompile>
    <ClCompile Include="KeyManager.cpp">
      <Filter>2dFrameWork\Manager</Filter>
    </ClCompile>
    <ClCompile Include="Image.cpp">
      <Filter>2dFrameWork</Filter>
    </ClCompile>
    <ClCompile Include="BackGround.cpp">
      <Filter>MainGame</Filter>
    </ClCompile>
    <ClCompile Include="Kof_1_Player.cpp">
      <Filter>MainGame</Filter>
    </ClCompile>
    <ClCompile Include="Kof_2_Player.cpp">
      <Filter>MainGame</Filter>
    </ClCompile>
    <ClCompile Include="Timer.cpp">
      <Filter>소스 파일</Filter>
    </ClCompile>
    <ClCompile Include="Select.cpp">
      <Filter>소스 파일</Filter>
    </ClCompile>
    <ClCompile Include="HealthBar.cpp">
      <Filter>소스 파일</Filter>
    </ClCompile>
    <ClCompile Include="ResultFont.cpp">
      <Filter>소스 파일</Filter>
    </ClCompile>
    <ClCompile Include="Title.cpp">
      <Filter>소스 파일</Filter>
    </ClCompile>
    <ClCompile Include="Sound.cpp">
      <Filter>소스 파일</Filter>
    </ClCompile>
    <ClCompile Include="Camera.cpp">
      <Filter>2dFrameWork</Filter>
    </ClCompile>
  </ItemGroup>
  <ItemGroup>
    <ClInclude Include="pch.h">
      <Filter>헤더 파일</Filter>
    </ClInclude>
    <ClInclude Include="GameNode.h">
      <Filter>2dFrameWork</Filter>
    </ClInclude>
    <ClInclude Include="MainGame.h">
      <Filter>MainGame</Filter>
    </ClInclude>
    <ClInclude Include="SingletonBase.h">
      <Filter>2dFrameWork\Manager</Filter>
    </ClInclude>
    <ClInclude Include="KeyManager.h">
      <Filter>2dFrameWork\Manager</Filter>
    </ClInclude>
    <ClInclude Include="Image.h">
      <Filter>2dFrameWork</Filter>
    </ClInclude>
    <ClInclude Include="BackGround.h">
      <Filter>MainGame</Filter>
    </ClInclude>
    <ClInclude Include="macroFuntion.h">
      <Filter>헤더 파일</Filter>
    </ClInclude>
    <ClInclude Include="Kof_2_Player.h">
      <Filter>MainGame</Filter>
    </ClInclude>
    <ClInclude Include="Kof_1_Player.h">
      <Filter>MainGame</Filter>
    </ClInclude>
    <ClInclude Include="Timer.h">
      <Filter>헤더 파일</Filter>
    </ClInclude>
    <ClInclude Include="Select.h">
      <Filter>헤더 파일</Filter>
    </ClInclude>
    <ClInclude Include="HealthBar.h">
      <Filter>헤더 파일</Filter>
    </ClInclude>
    <ClInclude Include="ResultFont.h">
      <Filter>헤더 파일</Filter>
    </ClInclude>
    <ClInclude Include="Title.h">
      <Filter>헤더 파일</Filter>
    </ClInclude>
    <ClInclude Include="Sound.h">
      <Filter>헤더 파일</Filter>
    </ClInclude>
    <ClInclude Include="Camera.h">
      <Filter>2dFrameWork</Filter>
    </ClInclude>
  </ItemGroup>
</Project>